
Microsoft Visual Studio Solution File, Format Version 12.00
# Visual Studio Version 17
VisualStudioVersion = 17.8.34309.116
MinimumVisualStudioVersion = 10.0.40219.1
Project("{FAE04EC0-301F-11D3-BF4B-00C04F79EFBC}") = "Methodprivate", "Methodprivate.csproj", "{0EBA604A-873E-481B-B18D-A4A3AAB38692}"
EndProject
Project("{FAE04EC0-301F-11D3-BF4B-00C04F79EFBC}") = "MethodOverload", "..\MethodOverload\MethodOverload.csproj", "{DF10D9AE-CB48-4569-A368-0C7BDBFD461B}"
EndProject
Global
	GlobalSection(SolutionConfigurationPlatforms) = preSolution
		Debug|Any CPU = Debug|Any CPU
		Release|Any CPU = Release|Any CPU
	EndGlobalSection
	GlobalSection(ProjectConfigurationPlatforms) = postSolution
		{0EBA604A-873E-481B-B18D-A4A3AAB38692}.Debug|Any CPU.ActiveCfg = Debug|Any CPU
		{0EBA604A-873E-481B-B18D-A4A3AAB38692}.Debug|Any CPU.Build.0 = Debug|Any CPU
		{0EBA604A-873E-481B-B18D-A4A3AAB38692}.Release|Any CPU.ActiveCfg = Release|Any CPU
		{0EBA604A-873E-481B-B18D-A4A3AAB38692}.Release|Any CPU.Build.0 = Release|Any CPU
		{DF10D9AE-CB48-4569-A368-0C7BDBFD461B}.Debug|Any CPU.ActiveCfg = Debug|Any CPU
		{DF10D9AE-CB48-4569-A368-0C7BDBFD461B}.Debug|Any CPU.Build.0 = Debug|Any CPU
		{DF10D9AE-CB48-4569-A368-0C7BDBFD461B}.Release|Any CPU.ActiveCfg = Release|Any CPU
		{DF10D9AE-CB48-4569-A368-0C7BDBFD461B}.Release|Any CPU.Build.0 = Release|Any CPU
	EndGlobalSection
	GlobalSection(SolutionProperties) = preSolution
		HideSolutionNode = FALSE
	EndGlobalSection
	GlobalSection(ExtensibilityGlobals) = postSolution
		SolutionGuid = {04E998EE-2AB9-4864-9261-1EFF657E8746}
	EndGlobalSection
EndGlobal
