
Microsoft Visual Studio Solution File, Format Version 12.00
# Visual Studio Version 17
VisualStudioVersion = 17.7.34221.43
MinimumVisualStudioVersion = 10.0.40219.1
Project("{9A19103F-16F7-4668-BE54-9A1E7A4F7556}") = "PointImperative", "PointImperative.csproj", "{97148A85-C84A-4133-814F-3D3E2ECEC907}"
EndProject
Project("{FAE04EC0-301F-11D3-BF4B-00C04F79EFBC}") = "PointFunction", "..\PointFunction\PointFunction.csproj", "{606FB1F6-8BA1-458F-B5C6-7A2A88A73B4B}"
EndProject
Global
	GlobalSection(SolutionConfigurationPlatforms) = preSolution
		Debug|Any CPU = Debug|Any CPU
		Release|Any CPU = Release|Any CPU
	EndGlobalSection
	GlobalSection(ProjectConfigurationPlatforms) = postSolution
		{97148A85-C84A-4133-814F-3D3E2ECEC907}.Debug|Any CPU.ActiveCfg = Debug|Any CPU
		{97148A85-C84A-4133-814F-3D3E2ECEC907}.Debug|Any CPU.Build.0 = Debug|Any CPU
		{97148A85-C84A-4133-814F-3D3E2ECEC907}.Release|Any CPU.ActiveCfg = Release|Any CPU
		{97148A85-C84A-4133-814F-3D3E2ECEC907}.Release|Any CPU.Build.0 = Release|Any CPU
		{606FB1F6-8BA1-458F-B5C6-7A2A88A73B4B}.Debug|Any CPU.ActiveCfg = Debug|Any CPU
		{606FB1F6-8BA1-458F-B5C6-7A2A88A73B4B}.Debug|Any CPU.Build.0 = Debug|Any CPU
		{606FB1F6-8BA1-458F-B5C6-7A2A88A73B4B}.Release|Any CPU.ActiveCfg = Release|Any CPU
		{606FB1F6-8BA1-458F-B5C6-7A2A88A73B4B}.Release|Any CPU.Build.0 = Release|Any CPU
	EndGlobalSection
	GlobalSection(SolutionProperties) = preSolution
		HideSolutionNode = FALSE
	EndGlobalSection
	GlobalSection(ExtensibilityGlobals) = postSolution
		SolutionGuid = {4F87191A-3F07-4430-A175-5E08D0010168}
	EndGlobalSection
EndGlobal
