
Microsoft Visual Studio Solution File, Format Version 12.00
# Visual Studio Version 17
VisualStudioVersion = 17.7.34221.43
MinimumVisualStudioVersion = 10.0.40219.1
Project("{9A19103F-16F7-4668-BE54-9A1E7A4F7556}") = "RandomClassDemo", "RandomClassDemo.csproj", "{6C59B5BC-FA4C-4596-B9F7-2D0DDF710E5C}"
EndProject
Project("{FAE04EC0-301F-11D3-BF4B-00C04F79EFBC}") = "RockpaperScissor", "..\RockpaperScissor\RockpaperScissor.csproj", "{B0521052-B5F9-44C3-83E1-A2591550E25E}"
EndProject
Global
	GlobalSection(SolutionConfigurationPlatforms) = preSolution
		Debug|Any CPU = Debug|Any CPU
		Release|Any CPU = Release|Any CPU
	EndGlobalSection
	GlobalSection(ProjectConfigurationPlatforms) = postSolution
		{6C59B5BC-FA4C-4596-B9F7-2D0DDF710E5C}.Debug|Any CPU.ActiveCfg = Debug|Any CPU
		{6C59B5BC-FA4C-4596-B9F7-2D0DDF710E5C}.Debug|Any CPU.Build.0 = Debug|Any CPU
		{6C59B5BC-FA4C-4596-B9F7-2D0DDF710E5C}.Release|Any CPU.ActiveCfg = Release|Any CPU
		{6C59B5BC-FA4C-4596-B9F7-2D0DDF710E5C}.Release|Any CPU.Build.0 = Release|Any CPU
		{B0521052-B5F9-44C3-83E1-A2591550E25E}.Debug|Any CPU.ActiveCfg = Debug|Any CPU
		{B0521052-B5F9-44C3-83E1-A2591550E25E}.Debug|Any CPU.Build.0 = Debug|Any CPU
		{B0521052-B5F9-44C3-83E1-A2591550E25E}.Release|Any CPU.ActiveCfg = Release|Any CPU
		{B0521052-B5F9-44C3-83E1-A2591550E25E}.Release|Any CPU.Build.0 = Release|Any CPU
	EndGlobalSection
	GlobalSection(SolutionProperties) = preSolution
		HideSolutionNode = FALSE
	EndGlobalSection
	GlobalSection(ExtensibilityGlobals) = postSolution
		SolutionGuid = {2BCF3286-FFBE-43FA-A22A-B0B1E15E330D}
	EndGlobalSection
EndGlobal
