
Microsoft Visual Studio Solution File, Format Version 12.00
# Visual Studio Version 17
VisualStudioVersion = 17.7.34221.43
MinimumVisualStudioVersion = 10.0.40219.1
Project("{9A19103F-16F7-4668-BE54-9A1E7A4F7556}") = "BubleShort", "BubleShort.csproj", "{9B20079D-40C8-4F2D-8949-D5DD4DE2B999}"
EndProject
Project("{FAE04EC0-301F-11D3-BF4B-00C04F79EFBC}") = "SumAlgorithm", "..\SumAlgorithm\SumAlgorithm.csproj", "{465D9417-8729-498D-8281-9C66F407411C}"
EndProject
Project("{FAE04EC0-301F-11D3-BF4B-00C04F79EFBC}") = "CountAlgorithm", "..\CountAlgorithm\CountAlgorithm.csproj", "{3DDE1539-2989-49DE-BC06-059974899602}"
EndProject
Project("{FAE04EC0-301F-11D3-BF4B-00C04F79EFBC}") = "CountAlgorithm1", "..\CountAlgorithm1\CountAlgorithm1.csproj", "{292F7C91-C5ED-44C2-AF21-4A0D96512D01}"
EndProject
Global
	GlobalSection(SolutionConfigurationPlatforms) = preSolution
		Debug|Any CPU = Debug|Any CPU
		Release|Any CPU = Release|Any CPU
	EndGlobalSection
	GlobalSection(ProjectConfigurationPlatforms) = postSolution
		{9B20079D-40C8-4F2D-8949-D5DD4DE2B999}.Debug|Any CPU.ActiveCfg = Debug|Any CPU
		{9B20079D-40C8-4F2D-8949-D5DD4DE2B999}.Debug|Any CPU.Build.0 = Debug|Any CPU
		{9B20079D-40C8-4F2D-8949-D5DD4DE2B999}.Release|Any CPU.ActiveCfg = Release|Any CPU
		{9B20079D-40C8-4F2D-8949-D5DD4DE2B999}.Release|Any CPU.Build.0 = Release|Any CPU
		{465D9417-8729-498D-8281-9C66F407411C}.Debug|Any CPU.ActiveCfg = Debug|Any CPU
		{465D9417-8729-498D-8281-9C66F407411C}.Debug|Any CPU.Build.0 = Debug|Any CPU
		{465D9417-8729-498D-8281-9C66F407411C}.Release|Any CPU.ActiveCfg = Release|Any CPU
		{465D9417-8729-498D-8281-9C66F407411C}.Release|Any CPU.Build.0 = Release|Any CPU
		{3DDE1539-2989-49DE-BC06-059974899602}.Debug|Any CPU.ActiveCfg = Debug|Any CPU
		{3DDE1539-2989-49DE-BC06-059974899602}.Debug|Any CPU.Build.0 = Debug|Any CPU
		{3DDE1539-2989-49DE-BC06-059974899602}.Release|Any CPU.ActiveCfg = Release|Any CPU
		{3DDE1539-2989-49DE-BC06-059974899602}.Release|Any CPU.Build.0 = Release|Any CPU
		{292F7C91-C5ED-44C2-AF21-4A0D96512D01}.Debug|Any CPU.ActiveCfg = Debug|Any CPU
		{292F7C91-C5ED-44C2-AF21-4A0D96512D01}.Debug|Any CPU.Build.0 = Debug|Any CPU
		{292F7C91-C5ED-44C2-AF21-4A0D96512D01}.Release|Any CPU.ActiveCfg = Release|Any CPU
		{292F7C91-C5ED-44C2-AF21-4A0D96512D01}.Release|Any CPU.Build.0 = Release|Any CPU
	EndGlobalSection
	GlobalSection(SolutionProperties) = preSolution
		HideSolutionNode = FALSE
	EndGlobalSection
	GlobalSection(ExtensibilityGlobals) = postSolution
		SolutionGuid = {55908D73-6564-4593-A857-C07365EC8D08}
	EndGlobalSection
EndGlobal
