
Microsoft Visual Studio Solution File, Format Version 12.00
# Visual Studio Version 17
VisualStudioVersion = 17.7.34221.43
MinimumVisualStudioVersion = 10.0.40219.1
Project("{FAE04EC0-301F-11D3-BF4B-00C04F79EFBC}") = "BubleShort", "BubleShort.csproj", "{9B20079D-40C8-4F2D-8949-D5DD4DE2B999}"
EndProject
Global
	GlobalSection(SolutionConfigurationPlatforms) = preSolution
		Debug|Any CPU = Debug|Any CPU
		Release|Any CPU = Release|Any CPU
	EndGlobalSection
	GlobalSection(ProjectConfigurationPlatforms) = postSolution
		{9B20079D-40C8-4F2D-8949-D5DD4DE2B999}.Debug|Any CPU.ActiveCfg = Debug|Any CPU
		{9B20079D-40C8-4F2D-8949-D5DD4DE2B999}.Debug|Any CPU.Build.0 = Debug|Any CPU
		{9B20079D-40C8-4F2D-8949-D5DD4DE2B999}.Release|Any CPU.ActiveCfg = Release|Any CPU
		{9B20079D-40C8-4F2D-8949-D5DD4DE2B999}.Release|Any CPU.Build.0 = Release|Any CPU
	EndGlobalSection
	GlobalSection(SolutionProperties) = preSolution
		HideSolutionNode = FALSE
	EndGlobalSection
	GlobalSection(ExtensibilityGlobals) = postSolution
		SolutionGuid = {55908D73-6564-4593-A857-C07365EC8D08}
	EndGlobalSection
EndGlobal
