
Microsoft Visual Studio Solution File, Format Version 12.00
# Visual Studio Version 17
VisualStudioVersion = 17.8.34309.116
MinimumVisualStudioVersion = 10.0.40219.1
Project("{FAE04EC0-301F-11D3-BF4B-00C04F79EFBC}") = "EventClass", "EventClass.csproj", "{7D068E16-16F8-4F8F-838D-894E5DC9F65D}"
EndProject
Global
	GlobalSection(SolutionConfigurationPlatforms) = preSolution
		Debug|Any CPU = Debug|Any CPU
		Release|Any CPU = Release|Any CPU
	EndGlobalSection
	GlobalSection(ProjectConfigurationPlatforms) = postSolution
		{7D068E16-16F8-4F8F-838D-894E5DC9F65D}.Debug|Any CPU.ActiveCfg = Debug|Any CPU
		{7D068E16-16F8-4F8F-838D-894E5DC9F65D}.Debug|Any CPU.Build.0 = Debug|Any CPU
		{7D068E16-16F8-4F8F-838D-894E5DC9F65D}.Release|Any CPU.ActiveCfg = Release|Any CPU
		{7D068E16-16F8-4F8F-838D-894E5DC9F65D}.Release|Any CPU.Build.0 = Release|Any CPU
	EndGlobalSection
	GlobalSection(SolutionProperties) = preSolution
		HideSolutionNode = FALSE
	EndGlobalSection
	GlobalSection(ExtensibilityGlobals) = postSolution
		SolutionGuid = {64C28ABE-47F1-436A-A4FC-B412CA9D0BC1}
	EndGlobalSection
EndGlobal
