
Microsoft Visual Studio Solution File, Format Version 12.00
# Visual Studio Version 17
VisualStudioVersion = 17.7.34221.43
MinimumVisualStudioVersion = 10.0.40219.1
Project("{FAE04EC0-301F-11D3-BF4B-00C04F79EFBC}") = "reflaction", "reflaction.csproj", "{FFDE1FB7-0A70-4766-AC3D-D0B712FCC06E}"
EndProject
Global
	GlobalSection(SolutionConfigurationPlatforms) = preSolution
		Debug|Any CPU = Debug|Any CPU
		Release|Any CPU = Release|Any CPU
	EndGlobalSection
	GlobalSection(ProjectConfigurationPlatforms) = postSolution
		{FFDE1FB7-0A70-4766-AC3D-D0B712FCC06E}.Debug|Any CPU.ActiveCfg = Debug|Any CPU
		{FFDE1FB7-0A70-4766-AC3D-D0B712FCC06E}.Debug|Any CPU.Build.0 = Debug|Any CPU
		{FFDE1FB7-0A70-4766-AC3D-D0B712FCC06E}.Release|Any CPU.ActiveCfg = Release|Any CPU
		{FFDE1FB7-0A70-4766-AC3D-D0B712FCC06E}.Release|Any CPU.Build.0 = Release|Any CPU
	EndGlobalSection
	GlobalSection(SolutionProperties) = preSolution
		HideSolutionNode = FALSE
	EndGlobalSection
	GlobalSection(ExtensibilityGlobals) = postSolution
		SolutionGuid = {CBCEC6BF-D1E4-4A89-9C16-BBCFCBB05721}
	EndGlobalSection
EndGlobal
