
Microsoft Visual Studio Solution File, Format Version 12.00
# Visual Studio Version 17
VisualStudioVersion = 17.7.34221.43
MinimumVisualStudioVersion = 10.0.40219.1
Project("{FAE04EC0-301F-11D3-BF4B-00C04F79EFBC}") = "arraypratice", "arraypratice\arraypratice.csproj", "{3C088EE7-DB7D-4712-8346-E643C7D6C9DD}"
EndProject
Global
	GlobalSection(SolutionConfigurationPlatforms) = preSolution
		Debug|Any CPU = Debug|Any CPU
		Release|Any CPU = Release|Any CPU
	EndGlobalSection
	GlobalSection(ProjectConfigurationPlatforms) = postSolution
		{3C088EE7-DB7D-4712-8346-E643C7D6C9DD}.Debug|Any CPU.ActiveCfg = Debug|Any CPU
		{3C088EE7-DB7D-4712-8346-E643C7D6C9DD}.Debug|Any CPU.Build.0 = Debug|Any CPU
		{3C088EE7-DB7D-4712-8346-E643C7D6C9DD}.Release|Any CPU.ActiveCfg = Release|Any CPU
		{3C088EE7-DB7D-4712-8346-E643C7D6C9DD}.Release|Any CPU.Build.0 = Release|Any CPU
	EndGlobalSection
	GlobalSection(SolutionProperties) = preSolution
		HideSolutionNode = FALSE
	EndGlobalSection
	GlobalSection(ExtensibilityGlobals) = postSolution
		SolutionGuid = {EB58B6B5-8F6A-4CAE-9E6C-59EDA594F8C8}
	EndGlobalSection
EndGlobal
