
Microsoft Visual Studio Solution File, Format Version 12.00
# Visual Studio Version 17
VisualStudioVersion = 17.7.34221.43
MinimumVisualStudioVersion = 10.0.40219.1
Project("{9A19103F-16F7-4668-BE54-9A1E7A4F7556}") = "Property", "Property.csproj", "{682907E3-C485-4E06-AE3A-C7CE7CF18206}"
EndProject
Project("{9A19103F-16F7-4668-BE54-9A1E7A4F7556}") = "PropertyAll", "..\PropertyAll\PropertyAll.csproj", "{E1067F63-6AA2-4430-80B5-5FBC095A6CE3}"
EndProject
Project("{FAE04EC0-301F-11D3-BF4B-00C04F79EFBC}") = "ArrowDemo", "..\ArrowDemo\ArrowDemo.csproj", "{99E2FB99-1A77-4E7E-9A59-ACFA7B371792}"
EndProject
Project("{FAE04EC0-301F-11D3-BF4B-00C04F79EFBC}") = "ObjectInitializer", "..\ObjectInitializer\ObjectInitializer.csproj", "{3487F78B-1C41-4347-BE9E-0BD6944ACB16}"
EndProject
Global
	GlobalSection(SolutionConfigurationPlatforms) = preSolution
		Debug|Any CPU = Debug|Any CPU
		Release|Any CPU = Release|Any CPU
	EndGlobalSection
	GlobalSection(ProjectConfigurationPlatforms) = postSolution
		{682907E3-C485-4E06-AE3A-C7CE7CF18206}.Debug|Any CPU.ActiveCfg = Debug|Any CPU
		{682907E3-C485-4E06-AE3A-C7CE7CF18206}.Debug|Any CPU.Build.0 = Debug|Any CPU
		{682907E3-C485-4E06-AE3A-C7CE7CF18206}.Release|Any CPU.ActiveCfg = Release|Any CPU
		{682907E3-C485-4E06-AE3A-C7CE7CF18206}.Release|Any CPU.Build.0 = Release|Any CPU
		{E1067F63-6AA2-4430-80B5-5FBC095A6CE3}.Debug|Any CPU.ActiveCfg = Debug|Any CPU
		{E1067F63-6AA2-4430-80B5-5FBC095A6CE3}.Debug|Any CPU.Build.0 = Debug|Any CPU
		{E1067F63-6AA2-4430-80B5-5FBC095A6CE3}.Release|Any CPU.ActiveCfg = Release|Any CPU
		{E1067F63-6AA2-4430-80B5-5FBC095A6CE3}.Release|Any CPU.Build.0 = Release|Any CPU
		{99E2FB99-1A77-4E7E-9A59-ACFA7B371792}.Debug|Any CPU.ActiveCfg = Debug|Any CPU
		{99E2FB99-1A77-4E7E-9A59-ACFA7B371792}.Debug|Any CPU.Build.0 = Debug|Any CPU
		{99E2FB99-1A77-4E7E-9A59-ACFA7B371792}.Release|Any CPU.ActiveCfg = Release|Any CPU
		{99E2FB99-1A77-4E7E-9A59-ACFA7B371792}.Release|Any CPU.Build.0 = Release|Any CPU
		{3487F78B-1C41-4347-BE9E-0BD6944ACB16}.Debug|Any CPU.ActiveCfg = Debug|Any CPU
		{3487F78B-1C41-4347-BE9E-0BD6944ACB16}.Debug|Any CPU.Build.0 = Debug|Any CPU
		{3487F78B-1C41-4347-BE9E-0BD6944ACB16}.Release|Any CPU.ActiveCfg = Release|Any CPU
		{3487F78B-1C41-4347-BE9E-0BD6944ACB16}.Release|Any CPU.Build.0 = Release|Any CPU
	EndGlobalSection
	GlobalSection(SolutionProperties) = preSolution
		HideSolutionNode = FALSE
	EndGlobalSection
	GlobalSection(ExtensibilityGlobals) = postSolution
		SolutionGuid = {058C8F46-AE1F-49CA-9A9C-034C461B02F9}
	EndGlobalSection
EndGlobal
