
Microsoft Visual Studio Solution File, Format Version 12.00
# Visual Studio Version 17
VisualStudioVersion = 17.7.34221.43
MinimumVisualStudioVersion = 10.0.40219.1
Project("{FAE04EC0-301F-11D3-BF4B-00C04F79EFBC}") = "Enumeration", "Enumeration.csproj", "{6486CFC4-259F-469C-B2AA-6A0C8F073319}"
EndProject
Project("{FAE04EC0-301F-11D3-BF4B-00C04F79EFBC}") = "UserEnum", "..\UserEnum\UserEnum.csproj", "{111F92F4-A051-48DA-9F23-8D6DF7BE81F5}"
EndProject
Global
	GlobalSection(SolutionConfigurationPlatforms) = preSolution
		Debug|Any CPU = Debug|Any CPU
		Release|Any CPU = Release|Any CPU
	EndGlobalSection
	GlobalSection(ProjectConfigurationPlatforms) = postSolution
		{6486CFC4-259F-469C-B2AA-6A0C8F073319}.Debug|Any CPU.ActiveCfg = Debug|Any CPU
		{6486CFC4-259F-469C-B2AA-6A0C8F073319}.Debug|Any CPU.Build.0 = Debug|Any CPU
		{6486CFC4-259F-469C-B2AA-6A0C8F073319}.Release|Any CPU.ActiveCfg = Release|Any CPU
		{6486CFC4-259F-469C-B2AA-6A0C8F073319}.Release|Any CPU.Build.0 = Release|Any CPU
		{111F92F4-A051-48DA-9F23-8D6DF7BE81F5}.Debug|Any CPU.ActiveCfg = Debug|Any CPU
		{111F92F4-A051-48DA-9F23-8D6DF7BE81F5}.Debug|Any CPU.Build.0 = Debug|Any CPU
		{111F92F4-A051-48DA-9F23-8D6DF7BE81F5}.Release|Any CPU.ActiveCfg = Release|Any CPU
		{111F92F4-A051-48DA-9F23-8D6DF7BE81F5}.Release|Any CPU.Build.0 = Release|Any CPU
	EndGlobalSection
	GlobalSection(SolutionProperties) = preSolution
		HideSolutionNode = FALSE
	EndGlobalSection
	GlobalSection(ExtensibilityGlobals) = postSolution
		SolutionGuid = {4360A86B-2609-4D5C-BF5D-F50E8E621D76}
	EndGlobalSection
EndGlobal
